
Microsoft Visual Studio Solution File, Format Version 12.00
# Visual Studio 14
VisualStudioVersion = 14.0.25123.0
MinimumVisualStudioVersion = 10.0.40219.1
Project("{FAE04EC0-301F-11D3-BF4B-00C04F79EFBC}") = "TestVerktygWPF", "TestVerktygWPF\TestVerktygWPF.csproj", "{0C4AAA86-1300-4D42-B04B-5B237E446BE7}"
EndProject
Project("{FAE04EC0-301F-11D3-BF4B-00C04F79EFBC}") = "TestVerktygElev", "TestVerktygElev\TestVerktygElev.csproj", "{004BEDF0-2E94-405C-BB39-73DD0F868A75}"
EndProject
Global
	GlobalSection(SolutionConfigurationPlatforms) = preSolution
		Debug|Any CPU = Debug|Any CPU
		Release|Any CPU = Release|Any CPU
	EndGlobalSection
	GlobalSection(ProjectConfigurationPlatforms) = postSolution
		{0C4AAA86-1300-4D42-B04B-5B237E446BE7}.Debug|Any CPU.ActiveCfg = Debug|Any CPU
		{0C4AAA86-1300-4D42-B04B-5B237E446BE7}.Debug|Any CPU.Build.0 = Debug|Any CPU
		{0C4AAA86-1300-4D42-B04B-5B237E446BE7}.Release|Any CPU.ActiveCfg = Release|Any CPU
		{0C4AAA86-1300-4D42-B04B-5B237E446BE7}.Release|Any CPU.Build.0 = Release|Any CPU
		{004BEDF0-2E94-405C-BB39-73DD0F868A75}.Debug|Any CPU.ActiveCfg = Debug|Any CPU
		{004BEDF0-2E94-405C-BB39-73DD0F868A75}.Debug|Any CPU.Build.0 = Debug|Any CPU
		{004BEDF0-2E94-405C-BB39-73DD0F868A75}.Release|Any CPU.ActiveCfg = Release|Any CPU
		{004BEDF0-2E94-405C-BB39-73DD0F868A75}.Release|Any CPU.Build.0 = Release|Any CPU
	EndGlobalSection
	GlobalSection(SolutionProperties) = preSolution
		HideSolutionNode = FALSE
	EndGlobalSection
EndGlobal
